
Microsoft Visual Studio Solution File, Format Version 12.00
# Visual Studio Version 17
VisualStudioVersion = 17.3.32929.385
MinimumVisualStudioVersion = 10.0.40219.1
Project("{FAE04EC0-301F-11D3-BF4B-00C04F79EFBC}") = "Projekt-Orlen_Gorczewska_Programowanie_wspolbiezne", "Projekt-Orlen_Gorczewska_Programowanie_wspolbiezne\Projekt-Orlen_Gorczewska_Programowanie_wspolbiezne.csproj", "{864E1C7A-5D13-4EDA-9E69-D72115A313A0}"
EndProject
Global
	GlobalSection(SolutionConfigurationPlatforms) = preSolution
		Debug|Any CPU = Debug|Any CPU
		Release|Any CPU = Release|Any CPU
	EndGlobalSection
	GlobalSection(ProjectConfigurationPlatforms) = postSolution
		{864E1C7A-5D13-4EDA-9E69-D72115A313A0}.Debug|Any CPU.ActiveCfg = Debug|Any CPU
		{864E1C7A-5D13-4EDA-9E69-D72115A313A0}.Debug|Any CPU.Build.0 = Debug|Any CPU
		{864E1C7A-5D13-4EDA-9E69-D72115A313A0}.Release|Any CPU.ActiveCfg = Release|Any CPU
		{864E1C7A-5D13-4EDA-9E69-D72115A313A0}.Release|Any CPU.Build.0 = Release|Any CPU
	EndGlobalSection
	GlobalSection(SolutionProperties) = preSolution
		HideSolutionNode = FALSE
	EndGlobalSection
	GlobalSection(ExtensibilityGlobals) = postSolution
		SolutionGuid = {F1955E4C-306C-4641-94E7-523068D58CB2}
	EndGlobalSection
EndGlobal
